
Microsoft Visual Studio Solution File, Format Version 12.00
# Visual Studio Version 16
VisualStudioVersion = 16.0.31005.135
MinimumVisualStudioVersion = 10.0.40219.1
Project("{FAE04EC0-301F-11D3-BF4B-00C04F79EFBC}") = "CLI-Darts", "CLI-Darts.csproj", "{2985D0DD-20B5-4C67-8DAC-11CEAB884217}"
EndProject
Global
	GlobalSection(SolutionConfigurationPlatforms) = preSolution
		Debug|Any CPU = Debug|Any CPU
		Release|Any CPU = Release|Any CPU
	EndGlobalSection
	GlobalSection(ProjectConfigurationPlatforms) = postSolution
		{2985D0DD-20B5-4C67-8DAC-11CEAB884217}.Debug|Any CPU.ActiveCfg = Debug|Any CPU
		{2985D0DD-20B5-4C67-8DAC-11CEAB884217}.Debug|Any CPU.Build.0 = Debug|Any CPU
		{2985D0DD-20B5-4C67-8DAC-11CEAB884217}.Release|Any CPU.ActiveCfg = Release|Any CPU
		{2985D0DD-20B5-4C67-8DAC-11CEAB884217}.Release|Any CPU.Build.0 = Release|Any CPU
	EndGlobalSection
	GlobalSection(SolutionProperties) = preSolution
		HideSolutionNode = FALSE
	EndGlobalSection
	GlobalSection(ExtensibilityGlobals) = postSolution
		SolutionGuid = {04A043D3-C187-4145-A620-5E6F4888D508}
	EndGlobalSection
EndGlobal
